// !$*UTF8*$!
{
	archiveVersion = 1;
	classes = {
	};
	objectVersion = 77;
	objects = {

/* Begin PBXContainerItemProxy section */
		219ACED82CEE3DB20051B5D7 /* PBXContainerItemProxy */ = {
			isa = PBXContainerItemProxy;
			containerPortal = 219ACEBF2CEE3DAD0051B5D7 /* Project object */;
			proxyType = 1;
			remoteGlobalIDString = 219ACEC62CEE3DAD0051B5D7;
			remoteInfo = TestRealityKit;
		};
		219ACEE22CEE3DB20051B5D7 /* PBXContainerItemProxy */ = {
			isa = PBXContainerItemProxy;
			containerPortal = 219ACEBF2CEE3DAD0051B5D7 /* Project object */;
			proxyType = 1;
			remoteGlobalIDString = 219ACEC62CEE3DAD0051B5D7;
			remoteInfo = TestRealityKit;
		};
/* End PBXContainerItemProxy section */

/* Begin PBXFileReference section */
		219ACEC72CEE3DAD0051B5D7 /* TestRealityKit.app */ = {isa = PBXFileReference; explicitFileType = wrapper.application; includeInIndex = 0; path = TestRealityKit.app; sourceTree = BUILT_PRODUCTS_DIR; };
		219ACED72CEE3DB20051B5D7 /* TestRealityKitTests.xctest */ = {isa = PBXFileReference; explicitFileType = wrapper.cfbundle; includeInIndex = 0; path = TestRealityKitTests.xctest; sourceTree = BUILT_PRODUCTS_DIR; };
		219ACEE12CEE3DB20051B5D7 /* TestRealityKitUITests.xctest */ = {isa = PBXFileReference; explicitFileType = wrapper.cfbundle; includeInIndex = 0; path = TestRealityKitUITests.xctest; sourceTree = BUILT_PRODUCTS_DIR; };
/* End PBXFileReference section */

/* Begin PBXFileSystemSynchronizedRootGroup section */
		219ACEC92CEE3DAD0051B5D7 /* TestRealityKit */ = {
			isa = PBXFileSystemSynchronizedRootGroup;
			explicitFolders = (
				Resources/Octopus,
			);
			path = TestRealityKit;
			sourceTree = "<group>";
		};
		219ACEDA2CEE3DB20051B5D7 /* TestRealityKitTests */ = {
			isa = PBXFileSystemSynchronizedRootGroup;
			path = TestRealityKitTests;
			sourceTree = "<group>";
		};
		219ACEE42CEE3DB20051B5D7 /* TestRealityKitUITests */ = {
			isa = PBXFileSystemSynchronizedRootGroup;
			path = TestRealityKitUITests;
			sourceTree = "<group>";
		};
/* End PBXFileSystemSynchronizedRootGroup section */

/* Begin PBXFrameworksBuildPhase section */
		219ACEC42CEE3DAD0051B5D7 /* Frameworks */ = {
			isa = PBXFrameworksBuildPhase;
			buildActionMask = 2147483647;
			files = (
			);
			runOnlyForDeploymentPostprocessing = 0;
		};
		219ACED42CEE3DB20051B5D7 /* Frameworks */ = {
			isa = PBXFrameworksBuildPhase;
			buildActionMask = 2147483647;
			files = (
			);
			runOnlyForDeploymentPostprocessing = 0;
		};
		219ACEDE2CEE3DB20051B5D7 /* Frameworks */ = {
			isa = PBXFrameworksBuildPhase;
			buildActionMask = 2147483647;
			files = (
			);
			runOnlyForDeploymentPostprocessing = 0;
		};
/* End PBXFrameworksBuildPhase section */

/* Begin PBXGroup section */
		219ACEBE2CEE3DAD0051B5D7 = {
			isa = PBXGroup;
			children = (
				219ACEC92CEE3DAD0051B5D7 /* TestRealityKit */,
				219ACEDA2CEE3DB20051B5D7 /* TestRealityKitTests */,
				219ACEE42CEE3DB20051B5D7 /* TestRealityKitUITests */,
				219ACEC82CEE3DAD0051B5D7 /* Products */,
			);
			sourceTree = "<group>";
		};
		219ACEC82CEE3DAD0051B5D7 /* Products */ = {
			isa = PBXGroup;
			children = (
				219ACEC72CEE3DAD0051B5D7 /* TestRealityKit.app */,
				219ACED72CEE3DB20051B5D7 /* TestRealityKitTests.xctest */,
				219ACEE12CEE3DB20051B5D7 /* TestRealityKitUITests.xctest */,
			);
			name = Products;
			sourceTree = "<group>";
		};
/* End PBXGroup section */

/* Begin PBXNativeTarget section */
		219ACEC62CEE3DAD0051B5D7 /* TestRealityKit */ = {
			isa = PBXNativeTarget;
			buildConfigurationList = 219ACEEB2CEE3DB20051B5D7 /* Build configuration list for PBXNativeTarget "TestRealityKit" */;
			buildPhases = (
				219ACEC32CEE3DAD0051B5D7 /* Sources */,
				219ACEC42CEE3DAD0051B5D7 /* Frameworks */,
				219ACEC52CEE3DAD0051B5D7 /* Resources */,
			);
			buildRules = (
			);
			dependencies = (
			);
			fileSystemSynchronizedGroups = (
				219ACEC92CEE3DAD0051B5D7 /* TestRealityKit */,
			);
			name = TestRealityKit;
			packageProductDependencies = (
			);
			productName = TestRealityKit;
			productReference = 219ACEC72CEE3DAD0051B5D7 /* TestRealityKit.app */;
			productType = "com.apple.product-type.application";
		};
		219ACED62CEE3DB20051B5D7 /* TestRealityKitTests */ = {
			isa = PBXNativeTarget;
			buildConfigurationList = 219ACEEE2CEE3DB20051B5D7 /* Build configuration list for PBXNativeTarget "TestRealityKitTests" */;
			buildPhases = (
				219ACED32CEE3DB20051B5D7 /* Sources */,
				219ACED42CEE3DB20051B5D7 /* Frameworks */,
				219ACED52CEE3DB20051B5D7 /* Resources */,
			);
			buildRules = (
			);
			dependencies = (
				219ACED92CEE3DB20051B5D7 /* PBXTargetDependency */,
			);
			fileSystemSynchronizedGroups = (
				219ACEDA2CEE3DB20051B5D7 /* TestRealityKitTests */,
			);
			name = TestRealityKitTests;
			packageProductDependencies = (
			);
			productName = TestRealityKitTests;
			productReference = 219ACED72CEE3DB20051B5D7 /* TestRealityKitTests.xctest */;
			productType = "com.apple.product-type.bundle.unit-test";
		};
		219ACEE02CEE3DB20051B5D7 /* TestRealityKitUITests */ = {
			isa = PBXNativeTarget;
			buildConfigurationList = 219ACEF12CEE3DB20051B5D7 /* Build configuration list for PBXNativeTarget "TestRealityKitUITests" */;
			buildPhases = (
				219ACEDD2CEE3DB20051B5D7 /* Sources */,
				219ACEDE2CEE3DB20051B5D7 /* Frameworks */,
				219ACEDF2CEE3DB20051B5D7 /* Resources */,
			);
			buildRules = (
			);
			dependencies = (
				219ACEE32CEE3DB20051B5D7 /* PBXTargetDependency */,
			);
			fileSystemSynchronizedGroups = (
				219ACEE42CEE3DB20051B5D7 /* TestRealityKitUITests */,
			);
			name = TestRealityKitUITests;
			packageProductDependencies = (
			);
			productName = TestRealityKitUITests;
			productReference = 219ACEE12CEE3DB20051B5D7 /* TestRealityKitUITests.xctest */;
			productType = "com.apple.product-type.bundle.ui-testing";
		};
/* End PBXNativeTarget section */

/* Begin PBXProject section */
		219ACEBF2CEE3DAD0051B5D7 /* Project object */ = {
			isa = PBXProject;
			attributes = {
				BuildIndependentTargetsInParallel = 1;
				LastSwiftUpdateCheck = 1610;
				LastUpgradeCheck = 1610;
				TargetAttributes = {
					219ACEC62CEE3DAD0051B5D7 = {
						CreatedOnToolsVersion = 16.1;
					};
					219ACED62CEE3DB20051B5D7 = {
						CreatedOnToolsVersion = 16.1;
						TestTargetID = 219ACEC62CEE3DAD0051B5D7;
					};
					219ACEE02CEE3DB20051B5D7 = {
						CreatedOnToolsVersion = 16.1;
						TestTargetID = 219ACEC62CEE3DAD0051B5D7;
					};
				};
			};
			buildConfigurationList = 219ACEC22CEE3DAD0051B5D7 /* Build configuration list for PBXProject "TestRealityKit" */;
			developmentRegion = en;
			hasScannedForEncodings = 0;
			knownRegions = (
				en,
				Base,
			);
			mainGroup = 219ACEBE2CEE3DAD0051B5D7;
			minimizedProjectReferenceProxies = 1;
			preferredProjectObjectVersion = 77;
			productRefGroup = 219ACEC82CEE3DAD0051B5D7 /* Products */;
			projectDirPath = "";
			projectRoot = "";
			targets = (
				219ACEC62CEE3DAD0051B5D7 /* TestRealityKit */,
				219ACED62CEE3DB20051B5D7 /* TestRealityKitTests */,
				219ACEE02CEE3DB20051B5D7 /* TestRealityKitUITests */,
			);
		};
/* End PBXProject section */

/* Begin PBXResourcesBuildPhase section */
		219ACEC52CEE3DAD0051B5D7 /* Resources */ = {
			isa = PBXResourcesBuildPhase;
			buildActionMask = 2147483647;
			files = (
			);
			runOnlyForDeploymentPostprocessing = 0;
		};
		219ACED52CEE3DB20051B5D7 /* Resources */ = {
			isa = PBXResourcesBuildPhase;
			buildActionMask = 2147483647;
			files = (
			);
			runOnlyForDeploymentPostprocessing = 0;
		};
		219ACEDF2CEE3DB20051B5D7 /* Resources */ = {
			isa = PBXResourcesBuildPhase;
			buildActionMask = 2147483647;
			files = (
			);
			runOnlyForDeploymentPostprocessing = 0;
		};
/* End PBXResourcesBuildPhase section */

/* Begin PBXSourcesBuildPhase section */
		219ACEC32CEE3DAD0051B5D7 /* Sources */ = {
			isa = PBXSourcesBuildPhase;
			buildActionMask = 2147483647;
			files = (
			);
			runOnlyForDeploymentPostprocessing = 0;
		};
		219ACED32CEE3DB20051B5D7 /* Sources */ = {
			isa = PBXSourcesBuildPhase;
			buildActionMask = 2147483647;
			files = (
			);
			runOnlyForDeploymentPostprocessing = 0;
		};
		219ACEDD2CEE3DB20051B5D7 /* Sources */ = {
			isa = PBXSourcesBuildPhase;
			buildActionMask = 2147483647;
			files = (
			);
			runOnlyForDeploymentPostprocessing = 0;
		};
/* End PBXSourcesBuildPhase section */

/* Begin PBXTargetDependency section */
		219ACED92CEE3DB20051B5D7 /* PBXTargetDependency */ = {
			isa = PBXTargetDependency;
			target = 219ACEC62CEE3DAD0051B5D7 /* TestRealityKit */;
			targetProxy = 219ACED82CEE3DB20051B5D7 /* PBXContainerItemProxy */;
		};
		219ACEE32CEE3DB20051B5D7 /* PBXTargetDependency */ = {
			isa = PBXTargetDependency;
			target = 219ACEC62CEE3DAD0051B5D7 /* TestRealityKit */;
			targetProxy = 219ACEE22CEE3DB20051B5D7 /* PBXContainerItemProxy */;
		};
/* End PBXTargetDependency section */

/* Begin XCBuildConfiguration section */
		219ACEE92CEE3DB20051B5D7 /* Debug */ = {
			isa = XCBuildConfiguration;
			buildSettings = {
				ALWAYS_SEARCH_USER_PATHS = NO;
				ASSETCATALOG_COMPILER_GENERATE_SWIFT_ASSET_SYMBOL_EXTENSIONS = YES;
				CLANG_ANALYZER_NONNULL = YES;
				CLANG_ANALYZER_NUMBER_OBJECT_CONVERSION = YES_AGGRESSIVE;
				CLANG_CXX_LANGUAGE_STANDARD = "gnu++20";
				CLANG_ENABLE_MODULES = YES;
				CLANG_ENABLE_OBJC_ARC = YES;
				CLANG_ENABLE_OBJC_WEAK = YES;
				CLANG_WARN_BLOCK_CAPTURE_AUTORELEASING = YES;
				CLANG_WARN_BOOL_CONVERSION = YES;
				CLANG_WARN_COMMA = YES;
				CLANG_WARN_CONSTANT_CONVERSION = YES;
				CLANG_WARN_DEPRECATED_OBJC_IMPLEMENTATIONS = YES;
				CLANG_WARN_DIRECT_OBJC_ISA_USAGE = YES_ERROR;
				CLANG_WARN_DOCUMENTATION_COMMENTS = YES;
				CLANG_WARN_EMPTY_BODY = YES;
				CLANG_WARN_ENUM_CONVERSION = YES;
				CLANG_WARN_INFINITE_RECURSION = YES;
				CLANG_WARN_INT_CONVERSION = YES;
				CLANG_WARN_NON_LITERAL_NULL_CONVERSION = YES;
				CLANG_WARN_OBJC_IMPLICIT_RETAIN_SELF = YES;
				CLANG_WARN_OBJC_LITERAL_CONVERSION = YES;
				CLANG_WARN_OBJC_ROOT_CLASS = YES_ERROR;
				CLANG_WARN_QUOTED_INCLUDE_IN_FRAMEWORK_HEADER = YES;
				CLANG_WARN_RANGE_LOOP_ANALYSIS = YES;
				CLANG_WARN_STRICT_PROTOTYPES = YES;
				CLANG_WARN_SUSPICIOUS_MOVE = YES;
				CLANG_WARN_UNGUARDED_AVAILABILITY = YES_AGGRESSIVE;
				CLANG_WARN_UNREACHABLE_CODE = YES;
				CLANG_WARN__DUPLICATE_METHOD_MATCH = YES;
				COPY_PHASE_STRIP = NO;
				DEBUG_INFORMATION_FORMAT = dwarf;
				ENABLE_STRICT_OBJC_MSGSEND = YES;
				ENABLE_TESTABILITY = YES;
				ENABLE_USER_SCRIPT_SANDBOXING = YES;
				GCC_C_LANGUAGE_STANDARD = gnu17;
				GCC_DYNAMIC_NO_PIC = NO;
				GCC_NO_COMMON_BLOCKS = YES;
				GCC_OPTIMIZATION_LEVEL = 0;
				GCC_PREPROCESSOR_DEFINITIONS = (
					"DEBUG=1",
					"$(inherited)",
				);
				GCC_WARN_64_TO_32_BIT_CONVERSION = YES;
				GCC_WARN_ABOUT_RETURN_TYPE = YES_ERROR;
				GCC_WARN_UNDECLARED_SELECTOR = YES;
				GCC_WARN_UNINITIALIZED_AUTOS = YES_AGGRESSIVE;
				GCC_WARN_UNUSED_FUNCTION = YES;
				GCC_WARN_UNUSED_VARIABLE = YES;
				IPHONEOS_DEPLOYMENT_TARGET = 18.1;
				LOCALIZATION_PREFERS_STRING_CATALOGS = YES;
				MTL_ENABLE_DEBUG_INFO = INCLUDE_SOURCE;
				MTL_FAST_MATH = YES;
				ONLY_ACTIVE_ARCH = YES;
				SDKROOT = iphoneos;
				SWIFT_ACTIVE_COMPILATION_CONDITIONS = "DEBUG $(inherited)";
				SWIFT_OPTIMIZATION_LEVEL = "-Onone";
			};
			name = Debug;
		};
		219ACEEA2CEE3DB20051B5D7 /* Release */ = {
			isa = XCBuildConfiguration;
			buildSettings = {
				ALWAYS_SEARCH_USER_PATHS = NO;
				ASSETCATALOG_COMPILER_GENERATE_SWIFT_ASSET_SYMBOL_EXTENSIONS = YES;
				CLANG_ANALYZER_NONNULL = YES;
				CLANG_ANALYZER_NUMBER_OBJECT_CONVERSION = YES_AGGRESSIVE;
				CLANG_CXX_LANGUAGE_STANDARD = "gnu++20";
				CLANG_ENABLE_MODULES = YES;
				CLANG_ENABLE_OBJC_ARC = YES;
				CLANG_ENABLE_OBJC_WEAK = YES;
				CLANG_WARN_BLOCK_CAPTURE_AUTORELEASING = YES;
				CLANG_WARN_BOOL_CONVERSION = YES;
				CLANG_WARN_COMMA = YES;
				CLANG_WARN_CONSTANT_CONVERSION = YES;
				CLANG_WARN_DEPRECATED_OBJC_IMPLEMENTATIONS = YES;
				CLANG_WARN_DIRECT_OBJC_ISA_USAGE = YES_ERROR;
				CLANG_WARN_DOCUMENTATION_COMMENTS = YES;
				CLANG_WARN_EMPTY_BODY = YES;
				CLANG_WARN_ENUM_CONVERSION = YES;
				CLANG_WARN_INFINITE_RECURSION = YES;
				CLANG_WARN_INT_CONVERSION = YES;
				CLANG_WARN_NON_LITERAL_NULL_CONVERSION = YES;
				CLANG_WARN_OBJC_IMPLICIT_RETAIN_SELF = YES;
				CLANG_WARN_OBJC_LITERAL_CONVERSION = YES;
				CLANG_WARN_OBJC_ROOT_CLASS = YES_ERROR;
				CLANG_WARN_QUOTED_INCLUDE_IN_FRAMEWORK_HEADER = YES;
				CLANG_WARN_RANGE_LOOP_ANALYSIS = YES;
				CLANG_WARN_STRICT_PROTOTYPES = YES;
				CLANG_WARN_SUSPICIOUS_MOVE = YES;
				CLANG_WARN_UNGUARDED_AVAILABILITY = YES_AGGRESSIVE;
				CLANG_WARN_UNREACHABLE_CODE = YES;
				CLANG_WARN__DUPLICATE_METHOD_MATCH = YES;
				COPY_PHASE_STRIP = NO;
				DEBUG_INFORMATION_FORMAT = "dwarf-with-dsym";
				ENABLE_NS_ASSERTIONS = NO;
				ENABLE_STRICT_OBJC_MSGSEND = YES;
				ENABLE_USER_SCRIPT_SANDBOXING = YES;
				GCC_C_LANGUAGE_STANDARD = gnu17;
				GCC_NO_COMMON_BLOCKS = YES;
				GCC_WARN_64_TO_32_BIT_CONVERSION = YES;
				GCC_WARN_ABOUT_RETURN_TYPE = YES_ERROR;
				GCC_WARN_UNDECLARED_SELECTOR = YES;
				GCC_WARN_UNINITIALIZED_AUTOS = YES_AGGRESSIVE;
				GCC_WARN_UNUSED_FUNCTION = YES;
				GCC_WARN_UNUSED_VARIABLE = YES;
				IPHONEOS_DEPLOYMENT_TARGET = 18.1;
				LOCALIZATION_PREFERS_STRING_CATALOGS = YES;
				MTL_ENABLE_DEBUG_INFO = NO;
				MTL_FAST_MATH = YES;
				SDKROOT = iphoneos;
				SWIFT_COMPILATION_MODE = wholemodule;
				VALIDATE_PRODUCT = YES;
			};
			name = Release;
		};
		219ACEEC2CEE3DB20051B5D7 /* Debug */ = {
			isa = XCBuildConfiguration;
			buildSettings = {
				ASSETCATALOG_COMPILER_APPICON_NAME = AppIcon;
				ASSETCATALOG_COMPILER_GLOBAL_ACCENT_COLOR_NAME = AccentColor;
				CODE_SIGN_IDENTITY = "Apple Development";
				CODE_SIGN_STYLE = Automatic;
				CURRENT_PROJECT_VERSION = 1;
				DEVELOPMENT_ASSET_PATHS = "\"TestRealityKit/Preview Content\"";
				DEVELOPMENT_TEAM = 44P2L32FL4;
				ENABLE_PREVIEWS = YES;
				GENERATE_INFOPLIST_FILE = YES;
				INFOPLIST_KEY_NSCameraUsageDescription = "";
				INFOPLIST_KEY_UIApplicationSupportsIndirectInputEvents = YES;
				INFOPLIST_KEY_UILaunchScreen_Generation = YES;
				INFOPLIST_KEY_UIRequiredDeviceCapabilities = arkit;
				INFOPLIST_KEY_UIStatusBarHidden = YES;
				INFOPLIST_KEY_UISupportedInterfaceOrientations_iPad = "UIInterfaceOrientationPortrait UIInterfaceOrientationPortraitUpsideDown UIInterfaceOrientationLandscapeLeft UIInterfaceOrientationLandscapeRight";
				INFOPLIST_KEY_UISupportedInterfaceOrientations_iPhone = "UIInterfaceOrientationPortrait UIInterfaceOrientationLandscapeLeft UIInterfaceOrientationLandscapeRight";
				LD_RUNPATH_SEARCH_PATHS = (
					"$(inherited)",
					"@executable_path/Frameworks",
				);
				MARKETING_VERSION = 1.0;
				PRODUCT_BUNDLE_IDENTIFIER = com.sy.TestRealityKit;
				PRODUCT_NAME = "$(TARGET_NAME)";
				PROVISIONING_PROFILE_SPECIFIER = "";
				SWIFT_EMIT_LOC_STRINGS = YES;
				SWIFT_VERSION = 5.0;
				TARGETED_DEVICE_FAMILY = "1,2";
			};
			name = Debug;
		};
		219ACEED2CEE3DB20051B5D7 /* Release */ = {
			isa = XCBuildConfiguration;
			buildSettings = {
				ASSETCATALOG_COMPILER_APPICON_NAME = AppIcon;
				ASSETCATALOG_COMPILER_GLOBAL_ACCENT_COLOR_NAME = AccentColor;
				CODE_SIGN_STYLE = Automatic;
				CURRENT_PROJECT_VERSION = 1;
				DEVELOPMENT_ASSET_PATHS = "\"TestRealityKit/Preview Content\"";
				DEVELOPMENT_TEAM = 44P2L32FL4;
				ENABLE_PREVIEWS = YES;
				GENERATE_INFOPLIST_FILE = YES;
				INFOPLIST_KEY_NSCameraUsageDescription = "";
				INFOPLIST_KEY_UIApplicationSupportsIndirectInputEvents = YES;
				INFOPLIST_KEY_UILaunchScreen_Generation = YES;
				INFOPLIST_KEY_UIRequiredDeviceCapabilities = arkit;
				INFOPLIST_KEY_UIStatusBarHidden = YES;
				INFOPLIST_KEY_UISupportedInterfaceOrientations_iPad = "UIInterfaceOrientationPortrait UIInterfaceOrientationPortraitUpsideDown UIInterfaceOrientationLandscapeLeft UIInterfaceOrientationLandscapeRight";
				INFOPLIST_KEY_UISupportedInterfaceOrientations_iPhone = "UIInterfaceOrientationPortrait UIInterfaceOrientationLandscapeLeft UIInterfaceOrientationLandscapeRight";
				LD_RUNPATH_SEARCH_PATHS = (
					"$(inherited)",
					"@executable_path/Frameworks",
				);
				MARKETING_VERSION = 1.0;
				PRODUCT_BUNDLE_IDENTIFIER = com.sy.TestRealityKit;
				PRODUCT_NAME = "$(TARGET_NAME)";
				SWIFT_EMIT_LOC_STRINGS = YES;
				SWIFT_VERSION = 5.0;
				TARGETED_DEVICE_FAMILY = "1,2";
			};
			name = Release;
		};
		219ACEEF2CEE3DB20051B5D7 /* Debug */ = {
			isa = XCBuildConfiguration;
			buildSettings = {
				BUNDLE_LOADER = "$(TEST_HOST)";
				CODE_SIGN_STYLE = Automatic;
				CURRENT_PROJECT_VERSION = 1;
				DEVELOPMENT_TEAM = 44P2L32FL4;
				GENERATE_INFOPLIST_FILE = YES;
				IPHONEOS_DEPLOYMENT_TARGET = 18.1;
				MARKETING_VERSION = 1.0;
				PRODUCT_BUNDLE_IDENTIFIER = com.sy.TestRealityKitTests;
				PRODUCT_NAME = "$(TARGET_NAME)";
				SWIFT_EMIT_LOC_STRINGS = NO;
				SWIFT_VERSION = 5.0;
				TARGETED_DEVICE_FAMILY = "1,2";
				TEST_HOST = "$(BUILT_PRODUCTS_DIR)/TestRealityKit.app/$(BUNDLE_EXECUTABLE_FOLDER_PATH)/TestRealityKit";
			};
			name = Debug;
		};
		219ACEF02CEE3DB20051B5D7 /* Release */ = {
			isa = XCBuildConfiguration;
			buildSettings = {
				BUNDLE_LOADER = "$(TEST_HOST)";
				CODE_SIGN_STYLE = Automatic;
				CURRENT_PROJECT_VERSION = 1;
				DEVELOPMENT_TEAM = 44P2L32FL4;
				GENERATE_INFOPLIST_FILE = YES;
				IPHONEOS_DEPLOYMENT_TARGET = 18.1;
				MARKETING_VERSION = 1.0;
				PRODUCT_BUNDLE_IDENTIFIER = com.sy.TestRealityKitTests;
				PRODUCT_NAME = "$(TARGET_NAME)";
				SWIFT_EMIT_LOC_STRINGS = NO;
				SWIFT_VERSION = 5.0;
				TARGETED_DEVICE_FAMILY = "1,2";
				TEST_HOST = "$(BUILT_PRODUCTS_DIR)/TestRealityKit.app/$(BUNDLE_EXECUTABLE_FOLDER_PATH)/TestRealityKit";
			};
			name = Release;
		};
		219ACEF22CEE3DB20051B5D7 /* Debug */ = {
			isa = XCBuildConfiguration;
			buildSettings = {
				CODE_SIGN_STYLE = Automatic;
				CURRENT_PROJECT_VERSION = 1;
				DEVELOPMENT_TEAM = 44P2L32FL4;
				GENERATE_INFOPLIST_FILE = YES;
				MARKETING_VERSION = 1.0;
				PRODUCT_BUNDLE_IDENTIFIER = com.sy.TestRealityKitUITests;
				PRODUCT_NAME = "$(TARGET_NAME)";
				SWIFT_EMIT_LOC_STRINGS = NO;
				SWIFT_VERSION = 5.0;
				TARGETED_DEVICE_FAMILY = "1,2";
				TEST_TARGET_NAME = TestRealityKit;
			};
			name = Debug;
		};
		219ACEF32CEE3DB20051B5D7 /* Release */ = {
			isa = XCBuildConfiguration;
			buildSettings = {
				CODE_SIGN_STYLE = Automatic;
				CURRENT_PROJECT_VERSION = 1;
				DEVELOPMENT_TEAM = 44P2L32FL4;
				GENERATE_INFOPLIST_FILE = YES;
				MARKETING_VERSION = 1.0;
				PRODUCT_BUNDLE_IDENTIFIER = com.sy.TestRealityKitUITests;
				PRODUCT_NAME = "$(TARGET_NAME)";
				SWIFT_EMIT_LOC_STRINGS = NO;
				SWIFT_VERSION = 5.0;
				TARGETED_DEVICE_FAMILY = "1,2";
				TEST_TARGET_NAME = TestRealityKit;
			};
			name = Release;
		};
/* End XCBuildConfiguration section */

/* Begin XCConfigurationList section */
		219ACEC22CEE3DAD0051B5D7 /* Build configuration list for PBXProject "TestRealityKit" */ = {
			isa = XCConfigurationList;
			buildConfigurations = (
				219ACEE92CEE3DB20051B5D7 /* Debug */,
				219ACEEA2CEE3DB20051B5D7 /* Release */,
			);
			defaultConfigurationIsVisible = 0;
			defaultConfigurationName = Release;
		};
		219ACEEB2CEE3DB20051B5D7 /* Build configuration list for PBXNativeTarget "TestRealityKit" */ = {
			isa = XCConfigurationList;
			buildConfigurations = (
				219ACEEC2CEE3DB20051B5D7 /* Debug */,
				219ACEED2CEE3DB20051B5D7 /* Release */,
			);
			defaultConfigurationIsVisible = 0;
			defaultConfigurationName = Release;
		};
		219ACEEE2CEE3DB20051B5D7 /* Build configuration list for PBXNativeTarget "TestRealityKitTests" */ = {
			isa = XCConfigurationList;
			buildConfigurations = (
				219ACEEF2CEE3DB20051B5D7 /* Debug */,
				219ACEF02CEE3DB20051B5D7 /* Release */,
			);
			defaultConfigurationIsVisible = 0;
			defaultConfigurationName = Release;
		};
		219ACEF12CEE3DB20051B5D7 /* Build configuration list for PBXNativeTarget "TestRealityKitUITests" */ = {
			isa = XCConfigurationList;
			buildConfigurations = (
				219ACEF22CEE3DB20051B5D7 /* Debug */,
				219ACEF32CEE3DB20051B5D7 /* Release */,
			);
			defaultConfigurationIsVisible = 0;
			defaultConfigurationName = Release;
		};
/* End XCConfigurationList section */
	};
	rootObject = 219ACEBF2CEE3DAD0051B5D7 /* Project object */;
}
